
Microsoft Visual Studio Solution File, Format Version 12.00
# Visual Studio Version 17
VisualStudioVersion = 17.0.31903.59
MinimumVisualStudioVersion = 10.0.40219.1
Project("{2150E333-8FDC-42A3-9474-1A3956D46DE8}") = "src", "src", "{827E0CD3-B72D-47B6-A68D-7590B98EB39B}"
EndProject
Project("{2150E333-8FDC-42A3-9474-1A3956D46DE8}") = "BuildingBlocks", "BuildingBlocks", "{90298CBA-BD6F-3A0A-69D5-97CAD7B05E7E}"
EndProject
Project("{FAE04EC0-301F-11D3-BF4B-00C04F79EFBC}") = "Erp.Domain.Shared", "src\BuildingBlocks\Erp.Domain.Shared\Erp.Domain.Shared.csproj", "{0A86A721-C801-4A9D-A696-53EE89FBEA4F}"
EndProject
Project("{FAE04EC0-301F-11D3-BF4B-00C04F79EFBC}") = "Erp.Application.Shared", "src\BuildingBlocks\Erp.Application.Shared\Erp.Application.Shared.csproj", "{7E9DF8ED-C532-4982-8740-6D6D0724FD3A}"
EndProject
Project("{FAE04EC0-301F-11D3-BF4B-00C04F79EFBC}") = "Erp.Infrastructure.Shared", "src\BuildingBlocks\Erp.Infrastructure.Shared\Erp.Infrastructure.Shared.csproj", "{AB7BEAC8-B3DD-44CF-B622-179F0EBB9187}"
EndProject
Project("{2150E333-8FDC-42A3-9474-1A3956D46DE8}") = "Modules", "Modules", "{EC447DCF-ABFA-6E24-52A5-D7FD48A5C558}"
EndProject
Project("{2150E333-8FDC-42A3-9474-1A3956D46DE8}") = "Inventory", "Inventory", "{18C073E0-6CB1-4693-3636-BFEE619A6192}"
EndProject
Project("{FAE04EC0-301F-11D3-BF4B-00C04F79EFBC}") = "Erp.Module.Inventory.Domain", "src\Modules\Inventory\Erp.Module.Inventory.Domain\Erp.Module.Inventory.Domain.csproj", "{8E8BF98A-F5F9-4AC2-A7D0-45568B925500}"
EndProject
Project("{FAE04EC0-301F-11D3-BF4B-00C04F79EFBC}") = "Erp.Module.Inventory.Application", "src\Modules\Inventory\Erp.Module.Inventory.Application\Erp.Module.Inventory.Application.csproj", "{558CCAE2-892B-49EE-A9F4-022BF43083FC}"
EndProject
Project("{FAE04EC0-301F-11D3-BF4B-00C04F79EFBC}") = "Erp.Module.Inventory.Infrastructure", "src\Modules\Inventory\Erp.Module.Inventory.Infrastructure\Erp.Module.Inventory.Infrastructure.csproj", "{1762C290-F9D2-4217-9C38-D74466F4D547}"
EndProject
Project("{FAE04EC0-301F-11D3-BF4B-00C04F79EFBC}") = "Erp.Module.Inventory.API", "src\Modules\Inventory\Erp.Module.Inventory.API\Erp.Module.Inventory.API.csproj", "{EE452B02-B066-4027-B24A-3ACBD383A375}"
EndProject
Project("{2150E333-8FDC-42A3-9474-1A3956D46DE8}") = "Host", "Host", "{981C2CF6-E5BB-602A-511C-234B538302B0}"
EndProject
Project("{FAE04EC0-301F-11D3-BF4B-00C04F79EFBC}") = "Erp.Api", "src\Host\Erp.Api\Erp.Api.csproj", "{870FEE3C-B376-41F2-A81D-B07995DEF788}"
EndProject
Global
	GlobalSection(SolutionConfigurationPlatforms) = preSolution
		Debug|Any CPU = Debug|Any CPU
		Debug|x64 = Debug|x64
		Debug|x86 = Debug|x86
		Release|Any CPU = Release|Any CPU
		Release|x64 = Release|x64
		Release|x86 = Release|x86
	EndGlobalSection
	GlobalSection(ProjectConfigurationPlatforms) = postSolution
		{0A86A721-C801-4A9D-A696-53EE89FBEA4F}.Debug|Any CPU.ActiveCfg = Debug|Any CPU
		{0A86A721-C801-4A9D-A696-53EE89FBEA4F}.Debug|Any CPU.Build.0 = Debug|Any CPU
		{0A86A721-C801-4A9D-A696-53EE89FBEA4F}.Debug|x64.ActiveCfg = Debug|Any CPU
		{0A86A721-C801-4A9D-A696-53EE89FBEA4F}.Debug|x64.Build.0 = Debug|Any CPU
		{0A86A721-C801-4A9D-A696-53EE89FBEA4F}.Debug|x86.ActiveCfg = Debug|Any CPU
		{0A86A721-C801-4A9D-A696-53EE89FBEA4F}.Debug|x86.Build.0 = Debug|Any CPU
		{0A86A721-C801-4A9D-A696-53EE89FBEA4F}.Release|Any CPU.ActiveCfg = Release|Any CPU
		{0A86A721-C801-4A9D-A696-53EE89FBEA4F}.Release|Any CPU.Build.0 = Release|Any CPU
		{0A86A721-C801-4A9D-A696-53EE89FBEA4F}.Release|x64.ActiveCfg = Release|Any CPU
		{0A86A721-C801-4A9D-A696-53EE89FBEA4F}.Release|x64.Build.0 = Release|Any CPU
		{0A86A721-C801-4A9D-A696-53EE89FBEA4F}.Release|x86.ActiveCfg = Release|Any CPU
		{0A86A721-C801-4A9D-A696-53EE89FBEA4F}.Release|x86.Build.0 = Release|Any CPU
		{7E9DF8ED-C532-4982-8740-6D6D0724FD3A}.Debug|Any CPU.ActiveCfg = Debug|Any CPU
		{7E9DF8ED-C532-4982-8740-6D6D0724FD3A}.Debug|Any CPU.Build.0 = Debug|Any CPU
		{7E9DF8ED-C532-4982-8740-6D6D0724FD3A}.Debug|x64.ActiveCfg = Debug|Any CPU
		{7E9DF8ED-C532-4982-8740-6D6D0724FD3A}.Debug|x64.Build.0 = Debug|Any CPU
		{7E9DF8ED-C532-4982-8740-6D6D0724FD3A}.Debug|x86.ActiveCfg = Debug|Any CPU
		{7E9DF8ED-C532-4982-8740-6D6D0724FD3A}.Debug|x86.Build.0 = Debug|Any CPU
		{7E9DF8ED-C532-4982-8740-6D6D0724FD3A}.Release|Any CPU.ActiveCfg = Release|Any CPU
		{7E9DF8ED-C532-4982-8740-6D6D0724FD3A}.Release|Any CPU.Build.0 = Release|Any CPU
		{7E9DF8ED-C532-4982-8740-6D6D0724FD3A}.Release|x64.ActiveCfg = Release|Any CPU
		{7E9DF8ED-C532-4982-8740-6D6D0724FD3A}.Release|x64.Build.0 = Release|Any CPU
		{7E9DF8ED-C532-4982-8740-6D6D0724FD3A}.Release|x86.ActiveCfg = Release|Any CPU
		{7E9DF8ED-C532-4982-8740-6D6D0724FD3A}.Release|x86.Build.0 = Release|Any CPU
		{AB7BEAC8-B3DD-44CF-B622-179F0EBB9187}.Debug|Any CPU.ActiveCfg = Debug|Any CPU
		{AB7BEAC8-B3DD-44CF-B622-179F0EBB9187}.Debug|Any CPU.Build.0 = Debug|Any CPU
		{AB7BEAC8-B3DD-44CF-B622-179F0EBB9187}.Debug|x64.ActiveCfg = Debug|Any CPU
		{AB7BEAC8-B3DD-44CF-B622-179F0EBB9187}.Debug|x64.Build.0 = Debug|Any CPU
		{AB7BEAC8-B3DD-44CF-B622-179F0EBB9187}.Debug|x86.ActiveCfg = Debug|Any CPU
		{AB7BEAC8-B3DD-44CF-B622-179F0EBB9187}.Debug|x86.Build.0 = Debug|Any CPU
		{AB7BEAC8-B3DD-44CF-B622-179F0EBB9187}.Release|Any CPU.ActiveCfg = Release|Any CPU
		{AB7BEAC8-B3DD-44CF-B622-179F0EBB9187}.Release|Any CPU.Build.0 = Release|Any CPU
		{AB7BEAC8-B3DD-44CF-B622-179F0EBB9187}.Release|x64.ActiveCfg = Release|Any CPU
		{AB7BEAC8-B3DD-44CF-B622-179F0EBB9187}.Release|x64.Build.0 = Release|Any CPU
		{AB7BEAC8-B3DD-44CF-B622-179F0EBB9187}.Release|x86.ActiveCfg = Release|Any CPU
		{AB7BEAC8-B3DD-44CF-B622-179F0EBB9187}.Release|x86.Build.0 = Release|Any CPU
		{8E8BF98A-F5F9-4AC2-A7D0-45568B925500}.Debug|Any CPU.ActiveCfg = Debug|Any CPU
		{8E8BF98A-F5F9-4AC2-A7D0-45568B925500}.Debug|Any CPU.Build.0 = Debug|Any CPU
		{8E8BF98A-F5F9-4AC2-A7D0-45568B925500}.Debug|x64.ActiveCfg = Debug|Any CPU
		{8E8BF98A-F5F9-4AC2-A7D0-45568B925500}.Debug|x64.Build.0 = Debug|Any CPU
		{8E8BF98A-F5F9-4AC2-A7D0-45568B925500}.Debug|x86.ActiveCfg = Debug|Any CPU
		{8E8BF98A-F5F9-4AC2-A7D0-45568B925500}.Debug|x86.Build.0 = Debug|Any CPU
		{8E8BF98A-F5F9-4AC2-A7D0-45568B925500}.Release|Any CPU.ActiveCfg = Release|Any CPU
		{8E8BF98A-F5F9-4AC2-A7D0-45568B925500}.Release|Any CPU.Build.0 = Release|Any CPU
		{8E8BF98A-F5F9-4AC2-A7D0-45568B925500}.Release|x64.ActiveCfg = Release|Any CPU
		{8E8BF98A-F5F9-4AC2-A7D0-45568B925500}.Release|x64.Build.0 = Release|Any CPU
		{8E8BF98A-F5F9-4AC2-A7D0-45568B925500}.Release|x86.ActiveCfg = Release|Any CPU
		{8E8BF98A-F5F9-4AC2-A7D0-45568B925500}.Release|x86.Build.0 = Release|Any CPU
		{558CCAE2-892B-49EE-A9F4-022BF43083FC}.Debug|Any CPU.ActiveCfg = Debug|Any CPU
		{558CCAE2-892B-49EE-A9F4-022BF43083FC}.Debug|Any CPU.Build.0 = Debug|Any CPU
		{558CCAE2-892B-49EE-A9F4-022BF43083FC}.Debug|x64.ActiveCfg = Debug|Any CPU
		{558CCAE2-892B-49EE-A9F4-022BF43083FC}.Debug|x64.Build.0 = Debug|Any CPU
		{558CCAE2-892B-49EE-A9F4-022BF43083FC}.Debug|x86.ActiveCfg = Debug|Any CPU
		{558CCAE2-892B-49EE-A9F4-022BF43083FC}.Debug|x86.Build.0 = Debug|Any CPU
		{558CCAE2-892B-49EE-A9F4-022BF43083FC}.Release|Any CPU.ActiveCfg = Release|Any CPU
		{558CCAE2-892B-49EE-A9F4-022BF43083FC}.Release|Any CPU.Build.0 = Release|Any CPU
		{558CCAE2-892B-49EE-A9F4-022BF43083FC}.Release|x64.ActiveCfg = Release|Any CPU
		{558CCAE2-892B-49EE-A9F4-022BF43083FC}.Release|x64.Build.0 = Release|Any CPU
		{558CCAE2-892B-49EE-A9F4-022BF43083FC}.Release|x86.ActiveCfg = Release|Any CPU
		{558CCAE2-892B-49EE-A9F4-022BF43083FC}.Release|x86.Build.0 = Release|Any CPU
		{1762C290-F9D2-4217-9C38-D74466F4D547}.Debug|Any CPU.ActiveCfg = Debug|Any CPU
		{1762C290-F9D2-4217-9C38-D74466F4D547}.Debug|Any CPU.Build.0 = Debug|Any CPU
		{1762C290-F9D2-4217-9C38-D74466F4D547}.Debug|x64.ActiveCfg = Debug|Any CPU
		{1762C290-F9D2-4217-9C38-D74466F4D547}.Debug|x64.Build.0 = Debug|Any CPU
		{1762C290-F9D2-4217-9C38-D74466F4D547}.Debug|x86.ActiveCfg = Debug|Any CPU
		{1762C290-F9D2-4217-9C38-D74466F4D547}.Debug|x86.Build.0 = Debug|Any CPU
		{1762C290-F9D2-4217-9C38-D74466F4D547}.Release|Any CPU.ActiveCfg = Release|Any CPU
		{1762C290-F9D2-4217-9C38-D74466F4D547}.Release|Any CPU.Build.0 = Release|Any CPU
		{1762C290-F9D2-4217-9C38-D74466F4D547}.Release|x64.ActiveCfg = Release|Any CPU
		{1762C290-F9D2-4217-9C38-D74466F4D547}.Release|x64.Build.0 = Release|Any CPU
		{1762C290-F9D2-4217-9C38-D74466F4D547}.Release|x86.ActiveCfg = Release|Any CPU
		{1762C290-F9D2-4217-9C38-D74466F4D547}.Release|x86.Build.0 = Release|Any CPU
		{EE452B02-B066-4027-B24A-3ACBD383A375}.Debug|Any CPU.ActiveCfg = Debug|Any CPU
		{EE452B02-B066-4027-B24A-3ACBD383A375}.Debug|Any CPU.Build.0 = Debug|Any CPU
		{EE452B02-B066-4027-B24A-3ACBD383A375}.Debug|x64.ActiveCfg = Debug|Any CPU
		{EE452B02-B066-4027-B24A-3ACBD383A375}.Debug|x64.Build.0 = Debug|Any CPU
		{EE452B02-B066-4027-B24A-3ACBD383A375}.Debug|x86.ActiveCfg = Debug|Any CPU
		{EE452B02-B066-4027-B24A-3ACBD383A375}.Debug|x86.Build.0 = Debug|Any CPU
		{EE452B02-B066-4027-B24A-3ACBD383A375}.Release|Any CPU.ActiveCfg = Release|Any CPU
		{EE452B02-B066-4027-B24A-3ACBD383A375}.Release|Any CPU.Build.0 = Release|Any CPU
		{EE452B02-B066-4027-B24A-3ACBD383A375}.Release|x64.ActiveCfg = Release|Any CPU
		{EE452B02-B066-4027-B24A-3ACBD383A375}.Release|x64.Build.0 = Release|Any CPU
		{EE452B02-B066-4027-B24A-3ACBD383A375}.Release|x86.ActiveCfg = Release|Any CPU
		{EE452B02-B066-4027-B24A-3ACBD383A375}.Release|x86.Build.0 = Release|Any CPU
		{870FEE3C-B376-41F2-A81D-B07995DEF788}.Debug|Any CPU.ActiveCfg = Debug|Any CPU
		{870FEE3C-B376-41F2-A81D-B07995DEF788}.Debug|Any CPU.Build.0 = Debug|Any CPU
		{870FEE3C-B376-41F2-A81D-B07995DEF788}.Debug|x64.ActiveCfg = Debug|Any CPU
		{870FEE3C-B376-41F2-A81D-B07995DEF788}.Debug|x64.Build.0 = Debug|Any CPU
		{870FEE3C-B376-41F2-A81D-B07995DEF788}.Debug|x86.ActiveCfg = Debug|Any CPU
		{870FEE3C-B376-41F2-A81D-B07995DEF788}.Debug|x86.Build.0 = Debug|Any CPU
		{870FEE3C-B376-41F2-A81D-B07995DEF788}.Release|Any CPU.ActiveCfg = Release|Any CPU
		{870FEE3C-B376-41F2-A81D-B07995DEF788}.Release|Any CPU.Build.0 = Release|Any CPU
		{870FEE3C-B376-41F2-A81D-B07995DEF788}.Release|x64.ActiveCfg = Release|Any CPU
		{870FEE3C-B376-41F2-A81D-B07995DEF788}.Release|x64.Build.0 = Release|Any CPU
		{870FEE3C-B376-41F2-A81D-B07995DEF788}.Release|x86.ActiveCfg = Release|Any CPU
		{870FEE3C-B376-41F2-A81D-B07995DEF788}.Release|x86.Build.0 = Release|Any CPU
	EndGlobalSection
	GlobalSection(SolutionProperties) = preSolution
		HideSolutionNode = FALSE
	EndGlobalSection
	GlobalSection(NestedProjects) = preSolution
		{90298CBA-BD6F-3A0A-69D5-97CAD7B05E7E} = {827E0CD3-B72D-47B6-A68D-7590B98EB39B}
		{0A86A721-C801-4A9D-A696-53EE89FBEA4F} = {90298CBA-BD6F-3A0A-69D5-97CAD7B05E7E}
		{7E9DF8ED-C532-4982-8740-6D6D0724FD3A} = {90298CBA-BD6F-3A0A-69D5-97CAD7B05E7E}
		{AB7BEAC8-B3DD-44CF-B622-179F0EBB9187} = {90298CBA-BD6F-3A0A-69D5-97CAD7B05E7E}
		{EC447DCF-ABFA-6E24-52A5-D7FD48A5C558} = {827E0CD3-B72D-47B6-A68D-7590B98EB39B}
		{18C073E0-6CB1-4693-3636-BFEE619A6192} = {EC447DCF-ABFA-6E24-52A5-D7FD48A5C558}
		{8E8BF98A-F5F9-4AC2-A7D0-45568B925500} = {18C073E0-6CB1-4693-3636-BFEE619A6192}
		{558CCAE2-892B-49EE-A9F4-022BF43083FC} = {18C073E0-6CB1-4693-3636-BFEE619A6192}
		{1762C290-F9D2-4217-9C38-D74466F4D547} = {18C073E0-6CB1-4693-3636-BFEE619A6192}
		{EE452B02-B066-4027-B24A-3ACBD383A375} = {18C073E0-6CB1-4693-3636-BFEE619A6192}
		{981C2CF6-E5BB-602A-511C-234B538302B0} = {827E0CD3-B72D-47B6-A68D-7590B98EB39B}
		{870FEE3C-B376-41F2-A81D-B07995DEF788} = {981C2CF6-E5BB-602A-511C-234B538302B0}
	EndGlobalSection
EndGlobal
